
Microsoft Visual Studio Solution File, Format Version 12.00
# Visual Studio Version 16
VisualStudioVersion = 16.0.31515.178
MinimumVisualStudioVersion = 10.0.40219.1
Project("{FAE04EC0-301F-11D3-BF4B-00C04F79EFBC}") = "WinFormsApp", "WinFormsApp\WinFormsApp.csproj", "{5CE1FFD6-E2A5-4905-9913-38B48DD201C6}"
EndProject
Global
	GlobalSection(SolutionConfigurationPlatforms) = preSolution
		Debug|Any CPU = Debug|Any CPU
		Release|Any CPU = Release|Any CPU
	EndGlobalSection
	GlobalSection(ProjectConfigurationPlatforms) = postSolution
		{5CE1FFD6-E2A5-4905-9913-38B48DD201C6}.Debug|Any CPU.ActiveCfg = Debug|Any CPU
		{5CE1FFD6-E2A5-4905-9913-38B48DD201C6}.Debug|Any CPU.Build.0 = Debug|Any CPU
		{5CE1FFD6-E2A5-4905-9913-38B48DD201C6}.Release|Any CPU.ActiveCfg = Release|Any CPU
		{5CE1FFD6-E2A5-4905-9913-38B48DD201C6}.Release|Any CPU.Build.0 = Release|Any CPU
	EndGlobalSection
	GlobalSection(SolutionProperties) = preSolution
		HideSolutionNode = FALSE
	EndGlobalSection
	GlobalSection(ExtensibilityGlobals) = postSolution
		SolutionGuid = {D72681EF-5978-4ABB-AE0C-5F451B587C81}
	EndGlobalSection
EndGlobal
